
Microsoft Visual Studio Solution File, Format Version 12.00
# Visual Studio Version 17
VisualStudioVersion = 17.14.36915.13 d17.14
MinimumVisualStudioVersion = 10.0.40219.1
Project("{FAE04EC0-301F-11D3-BF4B-00C04F79EFBC}") = "ow_api", "ow_api\ow_api.csproj", "{7C4379A5-3A39-474F-AE12-FC3609D0838C}"
EndProject
Global
	GlobalSection(SolutionConfigurationPlatforms) = preSolution
		Debug|Any CPU = Debug|Any CPU
		Release|Any CPU = Release|Any CPU
	EndGlobalSection
	GlobalSection(ProjectConfigurationPlatforms) = postSolution
		{7C4379A5-3A39-474F-AE12-FC3609D0838C}.Debug|Any CPU.ActiveCfg = Debug|Any CPU
		{7C4379A5-3A39-474F-AE12-FC3609D0838C}.Debug|Any CPU.Build.0 = Debug|Any CPU
		{7C4379A5-3A39-474F-AE12-FC3609D0838C}.Release|Any CPU.ActiveCfg = Release|Any CPU
		{7C4379A5-3A39-474F-AE12-FC3609D0838C}.Release|Any CPU.Build.0 = Release|Any CPU
	EndGlobalSection
	GlobalSection(SolutionProperties) = preSolution
		HideSolutionNode = FALSE
	EndGlobalSection
	GlobalSection(ExtensibilityGlobals) = postSolution
		SolutionGuid = {FF395DE7-2733-4F68-BFE1-66BBF3B114B1}
	EndGlobalSection
EndGlobal
